<?xml version="1.0" encoding="utf-8"?>
<Project ToolsVersion="4.0" xmlns="http://schemas.microsoft.com/developer/msbuild/2003">
  <ItemGroup>
    <Filter Include="Resource Files">
      <UniqueIdentifier>{67DA6AB6-F800-4c08-8B7A-83BB121AAD01}</UniqueIdentifier>
      <Extensions>rc;ico;cur;bmp;dlg;rc2;rct;bin;rgs;gif;jpg;jpeg;jpe;resx;tiff;tif;png;wav;mfcribbon-ms</Extensions>
    </Filter>
    <Filter Include="color">
      <UniqueIdentifier>{03fb2666-0575-4825-ad65-7d9ed376600f}</UniqueIdentifier>
    </Filter>
    <Filter Include="lines">
      <UniqueIdentifier>{08948c29-04d0-4f98-a35c-db03c2793b5a}</UniqueIdentifier>
    </Filter>
    <Filter Include="blocks">
      <UniqueIdentifier>{5b0b073f-3597-4ab7-810c-8d2172646f49}</UniqueIdentifier>
    </Filter>
    <Filter Include="Special Files">
      <UniqueIdentifier>{4FC737F1-C7A5-4376-A066-2A32D752A2FF}</UniqueIdentifier>
      <Extensions>cpp;c;cc;cxx;def;odl;idl;hpj;bat;asm;asmx</Extensions>
    </Filter>
    <Filter Include="Source">
      <UniqueIdentifier>{974f5e23-d34b-46b9-9518-a71a0ee3f944}</UniqueIdentifier>
    </Filter>
    <Filter Include="core">
      <UniqueIdentifier>{980a97f4-2c1a-47e8-9161-2734049d0b81}</UniqueIdentifier>
    </Filter>
    <Filter Include="draw">
      <UniqueIdentifier>{f7979be8-7ed4-4ce1-977f-7a83e0fa9be7}</UniqueIdentifier>
    </Filter>
    <Filter Include="boards">
      <UniqueIdentifier>{688bbb0a-e53d-49cf-ab0a-44f53d6cd60d}</UniqueIdentifier>
    </Filter>
    <Filter Include="charts">
      <UniqueIdentifier>{4bdb49e6-5fa7-4792-aa0f-db1da987a3bb}</UniqueIdentifier>
    </Filter>
    <Filter Include="graphs">
      <UniqueIdentifier>{f77875f6-4c5e-4379-8a54-02c3f995615f}</UniqueIdentifier>
    </Filter>
    <Filter Include="views">
      <UniqueIdentifier>{82672741-23af-4abf-8df0-72206cdd81dd}</UniqueIdentifier>
    </Filter>
    <Filter Include="bars">
      <UniqueIdentifier>{9e2cafce-b74c-4622-9044-defb5db6dbe6}</UniqueIdentifier>
    </Filter>
    <Filter Include="boarders">
      <UniqueIdentifier>{44bbb8de-1309-43e9-a451-04b392a35aa9}</UniqueIdentifier>
    </Filter>
  </ItemGroup>
  <ItemGroup>
    <None Include="cpp.hint" />
  </ItemGroup>
  <ItemGroup>
    <ClInclude Include="Color.h">
      <Filter>color</Filter>
    </ClInclude>
    <ClInclude Include="iocolor.h">
      <Filter>color</Filter>
    </ClInclude>
    <ClInclude Include="BlockChar.h">
      <Filter>blocks</Filter>
    </ClInclude>
    <ClInclude Include="LineChar.h">
      <Filter>lines</Filter>
    </ClInclude>
    <ClInclude Include="framework.h">
      <Filter>Special Files</Filter>
    </ClInclude>
    <ClInclude Include="GutenExports.h">
      <Filter>Special Files</Filter>
    </ClInclude>
    <ClInclude Include="pch.h">
      <Filter>Special Files</Filter>
    </ClInclude>
    <ClInclude Include="Character.h">
      <Filter>core</Filter>
    </ClInclude>
    <ClInclude Include="ColoredChar.h">
      <Filter>core</Filter>
    </ClInclude>
    <ClInclude Include="Point.h">
      <Filter>Source</Filter>
    </ClInclude>
    <ClInclude Include="Size.h">
      <Filter>Source</Filter>
    </ClInclude>
    <ClInclude Include="Matrix.h">
      <Filter>core</Filter>
    </ClInclude>
    <ClInclude Include="DrawFunctions.h">
      <Filter>draw</Filter>
    </ClInclude>
    <ClInclude Include="guten.hpp">
      <Filter>Special Files</Filter>
    </ClInclude>
    <ClInclude Include="CheckerBoard.h">
      <Filter>boards</Filter>
    </ClInclude>
    <ClInclude Include="ColorHelpers.h">
      <Filter>color</Filter>
    </ClInclude>
    <ClInclude Include="ProgressBar.h">
      <Filter>bars</Filter>
    </ClInclude>
    <ClInclude Include="View.h">
      <Filter>views</Filter>
    </ClInclude>
    <ClInclude Include="HorizontalView.h">
      <Filter>views</Filter>
    </ClInclude>
    <ClInclude Include="VerticalView.h">
      <Filter>views</Filter>
    </ClInclude>
    <ClInclude Include="AlignedView.h">
      <Filter>views</Filter>
    </ClInclude>
    <ClInclude Include="TextView.h">
      <Filter>views</Filter>
    </ClInclude>
    <ClInclude Include="ViewGroup.h">
      <Filter>views</Filter>
    </ClInclude>
    <ClInclude Include="LinearLayout.h">
      <Filter>views</Filter>
    </ClInclude>
    <ClInclude Include="ConstrainedLayout.h">
      <Filter>views</Filter>
    </ClInclude>
    <ClInclude Include="RelativeLayout.h">
      <Filter>views</Filter>
    </ClInclude>
    <ClInclude Include="GridView.h">
      <Filter>views</Filter>
    </ClInclude>
    <ClInclude Include="Boarder.h">
      <Filter>boarders</Filter>
    </ClInclude>
  </ItemGroup>
  <ItemGroup>
    <ClCompile Include="dllmain.cpp">
      <Filter>Special Files</Filter>
    </ClCompile>
    <ClCompile Include="pch.cpp">
      <Filter>Special Files</Filter>
    </ClCompile>
    <ClCompile Include="GutenExports.cpp">
      <Filter>Special Files</Filter>
    </ClCompile>
    <ClCompile Include="Color.cpp">
      <Filter>color</Filter>
    </ClCompile>
    <ClCompile Include="iocolor.cpp">
      <Filter>color</Filter>
    </ClCompile>
    <ClCompile Include="BlockChar.cpp">
      <Filter>blocks</Filter>
    </ClCompile>
    <ClCompile Include="LineChar.cpp">
      <Filter>lines</Filter>
    </ClCompile>
    <ClCompile Include="ColoredChar.cpp">
      <Filter>core</Filter>
    </ClCompile>
    <ClCompile Include="Character.cpp">
      <Filter>core</Filter>
    </ClCompile>
    <ClCompile Include="Point.cpp">
      <Filter>Source</Filter>
    </ClCompile>
    <ClCompile Include="Size.cpp">
      <Filter>Source</Filter>
    </ClCompile>
    <ClCompile Include="Matrix.cpp">
      <Filter>core</Filter>
    </ClCompile>
    <ClCompile Include="DrawFunctions.cpp">
      <Filter>draw</Filter>
    </ClCompile>
    <ClCompile Include="CheckerBoard.cpp">
      <Filter>boards</Filter>
    </ClCompile>
    <ClCompile Include="ColorHelpers.cpp">
      <Filter>color</Filter>
    </ClCompile>
    <ClCompile Include="AlignedView.cpp">
      <Filter>views</Filter>
    </ClCompile>
    <ClCompile Include="ConstrainedLayout.cpp">
      <Filter>views</Filter>
    </ClCompile>
    <ClCompile Include="HorizontalView.cpp">
      <Filter>views</Filter>
    </ClCompile>
    <ClCompile Include="LinearLayout.cpp">
      <Filter>views</Filter>
    </ClCompile>
    <ClCompile Include="RelativeLayout.cpp">
      <Filter>views</Filter>
    </ClCompile>
    <ClCompile Include="TextView.cpp">
      <Filter>views</Filter>
    </ClCompile>
    <ClCompile Include="View.cpp">
      <Filter>views</Filter>
    </ClCompile>
    <ClCompile Include="VerticalView.cpp">
      <Filter>views</Filter>
    </ClCompile>
    <ClCompile Include="ViewGroup.cpp">
      <Filter>views</Filter>
    </ClCompile>
    <ClCompile Include="Boarder.cpp">
      <Filter>boarders</Filter>
    </ClCompile>
    <ClCompile Include="GridView.cpp">
      <Filter>views</Filter>
    </ClCompile>
    <ClCompile Include="ProgressBar.cpp">
      <Filter>bars</Filter>
    </ClCompile>
  </ItemGroup>
</Project>